// !$*UTF8*$!
{
	archiveVersion = 1;
	classes = {
	};
	objectVersion = 50;
	objects = {

/* Begin PBXBuildFile section */
		B70473D726C214CB00ED7E03 /* Scene.cpp in Sources */ = {isa = PBXBuildFile; fileRef = B70473D626C214CB00ED7E03 /* Scene.cpp */; };
		B70473D926C2C34F00ED7E03 /* Util.cpp in Sources */ = {isa = PBXBuildFile; fileRef = B70473D826C2C34F00ED7E03 /* Util.cpp */; };
		B710097126B1D62A009AA576 /* Shader.cpp in Sources */ = {isa = PBXBuildFile; fileRef = B710097026B1D62A009AA576 /* Shader.cpp */; };
		B741004026E9A37C00D242BA /* Mesh.cpp in Sources */ = {isa = PBXBuildFile; fileRef = B741003F26E9A37C00D242BA /* Mesh.cpp */; };
		B741004326EE7B5500D242BA /* Model.cpp in Sources */ = {isa = PBXBuildFile; fileRef = B741004226EE7B5500D242BA /* Model.cpp */; };
		B741004526EE83C300D242BA /* libassimp.5.0.0.dylib in Frameworks */ = {isa = PBXBuildFile; fileRef = B741004426EE83C300D242BA /* libassimp.5.0.0.dylib */; };
		B741004826F1943D00D242BA /* Shapes.cpp in Sources */ = {isa = PBXBuildFile; fileRef = B741004726F1943D00D242BA /* Shapes.cpp */; };
		B79A5E9C26CF46920084DD12 /* Light.cpp in Sources */ = {isa = PBXBuildFile; fileRef = B79A5E9B26CF46920084DD12 /* Light.cpp */; };
		B7B6356127210F1100176310 /* Skybox.cpp in Sources */ = {isa = PBXBuildFile; fileRef = B7B6356027210F1100176310 /* Skybox.cpp */; };
		B7C1468F26C6E49300F2B71D /* Camera.cpp in Sources */ = {isa = PBXBuildFile; fileRef = B7C1468E26C6E49300F2B71D /* Camera.cpp */; };
		B7DA83AC26AE501A009C97B0 /* main.cpp in Sources */ = {isa = PBXBuildFile; fileRef = B7DA83AB26AE501A009C97B0 /* main.cpp */; };
		B7DA83B426AE50B3009C97B0 /* OpenGL.framework in Frameworks */ = {isa = PBXBuildFile; fileRef = B7DA83B326AE50B3009C97B0 /* OpenGL.framework */; };
		B7DA83C526B0FCD9009C97B0 /* glad.c in Sources */ = {isa = PBXBuildFile; fileRef = B7DA83C426B0FCD9009C97B0 /* glad.c */; };
/* End PBXBuildFile section */

/* Begin PBXCopyFilesBuildPhase section */
		B7DA83A626AE501A009C97B0 /* Copy Files */ = {
			isa = PBXCopyFilesBuildPhase;
			buildActionMask = 2147483647;
			dstPath = /usr/share/man/man1/;
			dstSubfolderSpec = 0;
			files = (
			);
			name = "Copy Files";
			runOnlyForDeploymentPostprocessing = 1;
		};
/* End PBXCopyFilesBuildPhase section */

/* Begin PBXFileReference section */
		B70183322700F4F000AA0DA7 /* Input.hpp */ = {isa = PBXFileReference; lastKnownFileType = sourcecode.cpp.h; name = Input.hpp; path = include/Input.hpp; sourceTree = "<group>"; };
		B70473D626C214CB00ED7E03 /* Scene.cpp */ = {isa = PBXFileReference; lastKnownFileType = sourcecode.cpp.cpp; name = Scene.cpp; path = src/Scene.cpp; sourceTree = "<group>"; };
		B70473D826C2C34F00ED7E03 /* Util.cpp */ = {isa = PBXFileReference; lastKnownFileType = sourcecode.cpp.cpp; path = Util.cpp; sourceTree = "<group>"; };
		B710096D26B1A105009AA576 /* Scene.hpp */ = {isa = PBXFileReference; lastKnownFileType = sourcecode.cpp.h; name = Scene.hpp; path = include/Scene.hpp; sourceTree = "<group>"; };
		B710096E26B1A1AE009AA576 /* Shader.hpp */ = {isa = PBXFileReference; lastKnownFileType = sourcecode.cpp.h; name = Shader.hpp; path = include/Shader.hpp; sourceTree = "<group>"; };
		B710097026B1D62A009AA576 /* Shader.cpp */ = {isa = PBXFileReference; lastKnownFileType = sourcecode.cpp.cpp; name = Shader.cpp; path = src/Shader.cpp; sourceTree = "<group>"; };
		B710097426B1E7CA009AA576 /* Shapes.hpp */ = {isa = PBXFileReference; lastKnownFileType = sourcecode.cpp.h; path = Shapes.hpp; sourceTree = "<group>"; };
		B710097526B47C4E009AA576 /* OpenGLUtil.hpp */ = {isa = PBXFileReference; lastKnownFileType = sourcecode.cpp.h; path = OpenGLUtil.hpp; sourceTree = "<group>"; };
		B710098926B4F5A4009AA576 /* VertexData.hpp */ = {isa = PBXFileReference; lastKnownFileType = sourcecode.cpp.h; path = VertexData.hpp; sourceTree = "<group>"; };
		B71C6B592722586200E8507A /* SkyboxFrag.frag */ = {isa = PBXFileReference; fileEncoding = 4; lastKnownFileType = sourcecode.glsl; name = SkyboxFrag.frag; path = shaders/SkyboxFrag.frag; sourceTree = "<group>"; };
		B71DD4A9270D3611005E4175 /* FBOVert.vert */ = {isa = PBXFileReference; fileEncoding = 4; lastKnownFileType = sourcecode.glsl; name = FBOVert.vert; path = shaders/FBOVert.vert; sourceTree = "<group>"; };
		B71DD4AA270D364D005E4175 /* FBOFrag.frag */ = {isa = PBXFileReference; fileEncoding = 4; lastKnownFileType = sourcecode.glsl; name = FBOFrag.frag; path = shaders/FBOFrag.frag; sourceTree = "<group>"; };
		B741003F26E9A37C00D242BA /* Mesh.cpp */ = {isa = PBXFileReference; lastKnownFileType = sourcecode.cpp.cpp; name = Mesh.cpp; path = src/Mesh.cpp; sourceTree = "<group>"; };
		B741004126ED981B00D242BA /* Model.hpp */ = {isa = PBXFileReference; lastKnownFileType = sourcecode.cpp.h; name = Model.hpp; path = include/Model.hpp; sourceTree = "<group>"; };
		B741004226EE7B5500D242BA /* Model.cpp */ = {isa = PBXFileReference; lastKnownFileType = sourcecode.cpp.cpp; name = Model.cpp; path = src/Model.cpp; sourceTree = "<group>"; };
		B741004426EE83C300D242BA /* libassimp.5.0.0.dylib */ = {isa = PBXFileReference; lastKnownFileType = "compiled.mach-o.dylib"; name = libassimp.5.0.0.dylib; path = ../../../../../../../usr/local/Cellar/assimp/5.0.1/lib/libassimp.5.0.0.dylib; sourceTree = "<group>"; };
		B741004726F1943D00D242BA /* Shapes.cpp */ = {isa = PBXFileReference; lastKnownFileType = sourcecode.cpp.cpp; name = Shapes.cpp; path = src/Shapes.cpp; sourceTree = "<group>"; };
		B741004926F3FAFA00D242BA /* LightsTextures.frag */ = {isa = PBXFileReference; fileEncoding = 4; lastKnownFileType = sourcecode.glsl; name = LightsTextures.frag; path = shaders/LightsTextures.frag; sourceTree = "<group>"; };
		B741004A26F4298800D242BA /* Texture.frag */ = {isa = PBXFileReference; fileEncoding = 4; lastKnownFileType = sourcecode.glsl; name = Texture.frag; path = shaders/Texture.frag; sourceTree = "<group>"; };
		B741004B26F4FD5300D242BA /* Test.frag */ = {isa = PBXFileReference; fileEncoding = 4; lastKnownFileType = sourcecode.glsl; name = Test.frag; path = shaders/Test.frag; sourceTree = "<group>"; };
		B74A2190270F3952000594DE /* DebugVert.vert */ = {isa = PBXFileReference; fileEncoding = 4; lastKnownFileType = sourcecode.glsl; name = DebugVert.vert; path = shaders/DebugVert.vert; sourceTree = "<group>"; };
		B74A2191270F396C000594DE /* DebugFrag.frag */ = {isa = PBXFileReference; fileEncoding = 4; lastKnownFileType = sourcecode.glsl; name = DebugFrag.frag; path = shaders/DebugFrag.frag; sourceTree = "<group>"; };
		B79333B9272656BB00E1A633 /* Reflect.frag */ = {isa = PBXFileReference; fileEncoding = 4; lastKnownFileType = sourcecode.glsl; name = Reflect.frag; path = shaders/Reflect.frag; sourceTree = "<group>"; };
		B79333BA2728A34A00E1A633 /* Refract.frag */ = {isa = PBXFileReference; fileEncoding = 4; lastKnownFileType = sourcecode.glsl; name = Refract.frag; path = shaders/Refract.frag; sourceTree = "<group>"; };
		B79A5E9926CF44C70084DD12 /* Light.hpp */ = {isa = PBXFileReference; lastKnownFileType = sourcecode.cpp.h; name = Light.hpp; path = include/Light.hpp; sourceTree = "<group>"; };
		B79A5E9B26CF46920084DD12 /* Light.cpp */ = {isa = PBXFileReference; lastKnownFileType = sourcecode.cpp.cpp; name = Light.cpp; path = src/Light.cpp; sourceTree = "<group>"; };
		B7B6355F27210CDD00176310 /* Skybox.hpp */ = {isa = PBXFileReference; lastKnownFileType = sourcecode.cpp.h; name = Skybox.hpp; path = include/Skybox.hpp; sourceTree = "<group>"; };
		B7B6356027210F1100176310 /* Skybox.cpp */ = {isa = PBXFileReference; lastKnownFileType = sourcecode.cpp.cpp; name = Skybox.cpp; path = src/Skybox.cpp; sourceTree = "<group>"; };
		B7B635622721160300176310 /* SkyboxVert.vert */ = {isa = PBXFileReference; fileEncoding = 4; lastKnownFileType = sourcecode.glsl; name = SkyboxVert.vert; path = shaders/SkyboxVert.vert; sourceTree = "<group>"; };
		B7C1468C26C6C22100F2B71D /* Camera.hpp */ = {isa = PBXFileReference; lastKnownFileType = sourcecode.cpp.h; name = Camera.hpp; path = include/Camera.hpp; sourceTree = "<group>"; };
		B7C1468E26C6E49300F2B71D /* Camera.cpp */ = {isa = PBXFileReference; lastKnownFileType = sourcecode.cpp.cpp; name = Camera.cpp; path = src/Camera.cpp; sourceTree = "<group>"; };
		B7C1469026CA0D0A00F2B71D /* MVPNormalUV.vert */ = {isa = PBXFileReference; lastKnownFileType = sourcecode.glsl; name = MVPNormalUV.vert; path = shaders/MVPNormalUV.vert; sourceTree = "<group>"; };
		B7C1469126CA0D2100F2B71D /* MVP.vert */ = {isa = PBXFileReference; lastKnownFileType = sourcecode.glsl; name = MVP.vert; path = shaders/MVP.vert; sourceTree = "<group>"; };
		B7C1469326CA0D5400F2B71D /* SolidColor.frag */ = {isa = PBXFileReference; lastKnownFileType = sourcecode.glsl; name = SolidColor.frag; path = shaders/SolidColor.frag; sourceTree = "<group>"; };
		B7CCC5A326E8541500E46B52 /* Mesh.hpp */ = {isa = PBXFileReference; lastKnownFileType = sourcecode.cpp.h; name = Mesh.hpp; path = include/Mesh.hpp; sourceTree = "<group>"; };
		B7DA83A826AE501A009C97B0 /* LearnOpenGL */ = {isa = PBXFileReference; explicitFileType = "compiled.mach-o.executable"; includeInIndex = 0; path = LearnOpenGL; sourceTree = BUILT_PRODUCTS_DIR; };
		B7DA83AB26AE501A009C97B0 /* main.cpp */ = {isa = PBXFileReference; lastKnownFileType = sourcecode.cpp.cpp; path = main.cpp; sourceTree = "<group>"; };
		B7DA83B326AE50B3009C97B0 /* OpenGL.framework */ = {isa = PBXFileReference; lastKnownFileType = wrapper.framework; name = OpenGL.framework; path = System/Library/Frameworks/OpenGL.framework; sourceTree = SDKROOT; };
		B7DA83B526AE50D3009C97B0 /* SFML.framework */ = {isa = PBXFileReference; lastKnownFileType = wrapper.framework; name = SFML.framework; path = ../../../../../../../Library/Frameworks/SFML.framework; sourceTree = "<group>"; };
		B7DA83B626AE50D3009C97B0 /* sfml-audio.framework */ = {isa = PBXFileReference; lastKnownFileType = wrapper.framework; name = "sfml-audio.framework"; path = "../../../../../../../Library/Frameworks/sfml-audio.framework"; sourceTree = "<group>"; };
		B7DA83B726AE50D3009C97B0 /* sfml-window.framework */ = {isa = PBXFileReference; lastKnownFileType = wrapper.framework; name = "sfml-window.framework"; path = "../../../../../../../Library/Frameworks/sfml-window.framework"; sourceTree = "<group>"; };
		B7DA83B826AE50D3009C97B0 /* sfml-network.framework */ = {isa = PBXFileReference; lastKnownFileType = wrapper.framework; name = "sfml-network.framework"; path = "../../../../../../../Library/Frameworks/sfml-network.framework"; sourceTree = "<group>"; };
		B7DA83B926AE50D3009C97B0 /* sfml-graphics.framework */ = {isa = PBXFileReference; lastKnownFileType = wrapper.framework; name = "sfml-graphics.framework"; path = "../../../../../../../Library/Frameworks/sfml-graphics.framework"; sourceTree = "<group>"; };
		B7DA83BA26AE50D3009C97B0 /* sfml-system.framework */ = {isa = PBXFileReference; lastKnownFileType = wrapper.framework; name = "sfml-system.framework"; path = "../../../../../../../Library/Frameworks/sfml-system.framework"; sourceTree = "<group>"; };
		B7DA83C126AE5731009C97B0 /* LearnOpenGL.entitlements */ = {isa = PBXFileReference; lastKnownFileType = text.plist.entitlements; path = LearnOpenGL.entitlements; sourceTree = "<group>"; };
		B7DA83C426B0FCD9009C97B0 /* glad.c */ = {isa = PBXFileReference; fileEncoding = 4; lastKnownFileType = sourcecode.c.c; path = glad.c; sourceTree = "<group>"; };
/* End PBXFileReference section */

/* Begin PBXFrameworksBuildPhase section */
		B7DA83A526AE501A009C97B0 /* Frameworks */ = {
			isa = PBXFrameworksBuildPhase;
			buildActionMask = 2147483647;
			files = (
				B741004526EE83C300D242BA /* libassimp.5.0.0.dylib in Frameworks */,
				B7DA83B426AE50B3009C97B0 /* OpenGL.framework in Frameworks */,
			);
			runOnlyForDeploymentPostprocessing = 0;
		};
/* End PBXFrameworksBuildPhase section */

/* Begin PBXGroup section */
		B710096F26B1D537009AA576 /* Shaders */ = {
			isa = PBXGroup;
			children = (
				B7C1469026CA0D0A00F2B71D /* MVPNormalUV.vert */,
				B741004926F3FAFA00D242BA /* LightsTextures.frag */,
				B7C1469126CA0D2100F2B71D /* MVP.vert */,
				B71DD4A9270D3611005E4175 /* FBOVert.vert */,
				B7B635622721160300176310 /* SkyboxVert.vert */,
				B71C6B592722586200E8507A /* SkyboxFrag.frag */,
				B71DD4AA270D364D005E4175 /* FBOFrag.frag */,
				B7C1469326CA0D5400F2B71D /* SolidColor.frag */,
				B741004A26F4298800D242BA /* Texture.frag */,
				B79333B9272656BB00E1A633 /* Reflect.frag */,
				B79333BA2728A34A00E1A633 /* Refract.frag */,
				B741004B26F4FD5300D242BA /* Test.frag */,
				B74A2190270F3952000594DE /* DebugVert.vert */,
				B74A2191270F396C000594DE /* DebugFrag.frag */,
			);
			name = Shaders;
			sourceTree = "<group>";
		};
		B79A5E9A26CF44DF0084DD12 /* Misc. */ = {
			isa = PBXGroup;
			children = (
				B7DA83C426B0FCD9009C97B0 /* glad.c */,
				B7DA83C126AE5731009C97B0 /* LearnOpenGL.entitlements */,
			);
			name = Misc.;
			sourceTree = "<group>";
		};
		B7DA839F26AE501A009C97B0 = {
			isa = PBXGroup;
			children = (
				B7DA83AA26AE501A009C97B0 /* LearnOpenGL */,
				B7DA83A926AE501A009C97B0 /* Products */,
				B7DA83B226AE50B3009C97B0 /* Frameworks */,
			);
			sourceTree = "<group>";
		};
		B7DA83A926AE501A009C97B0 /* Products */ = {
			isa = PBXGroup;
			children = (
				B7DA83A826AE501A009C97B0 /* LearnOpenGL */,
			);
			name = Products;
			sourceTree = "<group>";
		};
		B7DA83AA26AE501A009C97B0 /* LearnOpenGL */ = {
			isa = PBXGroup;
			children = (
				B7DA83AB26AE501A009C97B0 /* main.cpp */,
				B710096F26B1D537009AA576 /* Shaders */,
				B710096D26B1A105009AA576 /* Scene.hpp */,
				B70473D626C214CB00ED7E03 /* Scene.cpp */,
				B710096E26B1A1AE009AA576 /* Shader.hpp */,
				B710097026B1D62A009AA576 /* Shader.cpp */,
				B710097426B1E7CA009AA576 /* Shapes.hpp */,
				B741004726F1943D00D242BA /* Shapes.cpp */,
				B7C1468C26C6C22100F2B71D /* Camera.hpp */,
				B7C1468E26C6E49300F2B71D /* Camera.cpp */,
				B79A5E9926CF44C70084DD12 /* Light.hpp */,
				B79A5E9B26CF46920084DD12 /* Light.cpp */,
				B7FB228B26D1F37200CC74C6 /* Util */,
				B79A5E9A26CF44DF0084DD12 /* Misc. */,
				B7CCC5A326E8541500E46B52 /* Mesh.hpp */,
				B741003F26E9A37C00D242BA /* Mesh.cpp */,
				B741004126ED981B00D242BA /* Model.hpp */,
				B741004226EE7B5500D242BA /* Model.cpp */,
				B70183322700F4F000AA0DA7 /* Input.hpp */,
				B7B6355F27210CDD00176310 /* Skybox.hpp */,
				B7B6356027210F1100176310 /* Skybox.cpp */,
			);
			path = LearnOpenGL;
			sourceTree = "<group>";
		};
		B7DA83B226AE50B3009C97B0 /* Frameworks */ = {
			isa = PBXGroup;
			children = (
				B741004426EE83C300D242BA /* libassimp.5.0.0.dylib */,
				B7DA83B626AE50D3009C97B0 /* sfml-audio.framework */,
				B7DA83B926AE50D3009C97B0 /* sfml-graphics.framework */,
				B7DA83B826AE50D3009C97B0 /* sfml-network.framework */,
				B7DA83BA26AE50D3009C97B0 /* sfml-system.framework */,
				B7DA83B726AE50D3009C97B0 /* sfml-window.framework */,
				B7DA83B526AE50D3009C97B0 /* SFML.framework */,
				B7DA83B326AE50B3009C97B0 /* OpenGL.framework */,
			);
			name = Frameworks;
			sourceTree = "<group>";
		};
		B7FB228B26D1F37200CC74C6 /* Util */ = {
			isa = PBXGroup;
			children = (
				B710097526B47C4E009AA576 /* OpenGLUtil.hpp */,
				B710098926B4F5A4009AA576 /* VertexData.hpp */,
				B70473D826C2C34F00ED7E03 /* Util.cpp */,
			);
			name = Util;
			sourceTree = "<group>";
		};
/* End PBXGroup section */

/* Begin PBXNativeTarget section */
		B7DA83A726AE501A009C97B0 /* LearnOpenGL */ = {
			isa = PBXNativeTarget;
			buildConfigurationList = B7DA83AF26AE501A009C97B0 /* Build configuration list for PBXNativeTarget "LearnOpenGL" */;
			buildPhases = (
				B7DA83A426AE501A009C97B0 /* Sources */,
				B7DA83A526AE501A009C97B0 /* Frameworks */,
				B7DA83A626AE501A009C97B0 /* Copy Files */,
			);
			buildRules = (
			);
			dependencies = (
			);
			name = LearnOpenGL;
			productName = LearnOpenGL;
			productReference = B7DA83A826AE501A009C97B0 /* LearnOpenGL */;
			productType = "com.apple.product-type.tool";
		};
/* End PBXNativeTarget section */

/* Begin PBXProject section */
		B7DA83A026AE501A009C97B0 /* Project object */ = {
			isa = PBXProject;
			attributes = {
				KnownAssetTags = (
					New,
				);
				LastUpgradeCheck = 1250;
				TargetAttributes = {
					B7DA83A726AE501A009C97B0 = {
						CreatedOnToolsVersion = 12.5.1;
					};
				};
			};
			buildConfigurationList = B7DA83A326AE501A009C97B0 /* Build configuration list for PBXProject "LearnOpenGL" */;
			compatibilityVersion = "Xcode 9.3";
			developmentRegion = en;
			hasScannedForEncodings = 0;
			knownRegions = (
				en,
				Base,
			);
			mainGroup = B7DA839F26AE501A009C97B0;
			productRefGroup = B7DA83A926AE501A009C97B0 /* Products */;
			projectDirPath = "";
			projectRoot = "";
			targets = (
				B7DA83A726AE501A009C97B0 /* LearnOpenGL */,
			);
		};
/* End PBXProject section */

/* Begin PBXSourcesBuildPhase section */
		B7DA83A426AE501A009C97B0 /* Sources */ = {
			isa = PBXSourcesBuildPhase;
			buildActionMask = 2147483647;
			files = (
				B741004326EE7B5500D242BA /* Model.cpp in Sources */,
				B79A5E9C26CF46920084DD12 /* Light.cpp in Sources */,
				B7DA83AC26AE501A009C97B0 /* main.cpp in Sources */,
				B70473D726C214CB00ED7E03 /* Scene.cpp in Sources */,
				B710097126B1D62A009AA576 /* Shader.cpp in Sources */,
				B7B6356127210F1100176310 /* Skybox.cpp in Sources */,
				B7DA83C526B0FCD9009C97B0 /* glad.c in Sources */,
				B7C1468F26C6E49300F2B71D /* Camera.cpp in Sources */,
				B741004026E9A37C00D242BA /* Mesh.cpp in Sources */,
				B70473D926C2C34F00ED7E03 /* Util.cpp in Sources */,
				B741004826F1943D00D242BA /* Shapes.cpp in Sources */,
			);
			runOnlyForDeploymentPostprocessing = 0;
		};
/* End PBXSourcesBuildPhase section */

/* Begin XCBuildConfiguration section */
		B7DA83AD26AE501A009C97B0 /* Debug */ = {
			isa = XCBuildConfiguration;
			buildSettings = {
				ALWAYS_SEARCH_USER_PATHS = NO;
				CLANG_ANALYZER_NONNULL = YES;
				CLANG_ANALYZER_NUMBER_OBJECT_CONVERSION = YES_AGGRESSIVE;
				CLANG_CXX_LANGUAGE_STANDARD = "gnu++14";
				CLANG_CXX_LIBRARY = "libc++";
				CLANG_ENABLE_MODULES = YES;
				CLANG_ENABLE_OBJC_ARC = YES;
				CLANG_ENABLE_OBJC_WEAK = YES;
				CLANG_WARN_BLOCK_CAPTURE_AUTORELEASING = YES;
				CLANG_WARN_BOOL_CONVERSION = YES;
				CLANG_WARN_COMMA = YES;
				CLANG_WARN_CONSTANT_CONVERSION = YES;
				CLANG_WARN_DEPRECATED_OBJC_IMPLEMENTATIONS = YES;
				CLANG_WARN_DIRECT_OBJC_ISA_USAGE = YES_ERROR;
				CLANG_WARN_DOCUMENTATION_COMMENTS = YES;
				CLANG_WARN_EMPTY_BODY = YES;
				CLANG_WARN_ENUM_CONVERSION = YES;
				CLANG_WARN_INFINITE_RECURSION = YES;
				CLANG_WARN_INT_CONVERSION = YES;
				CLANG_WARN_NON_LITERAL_NULL_CONVERSION = YES;
				CLANG_WARN_OBJC_IMPLICIT_RETAIN_SELF = YES;
				CLANG_WARN_OBJC_LITERAL_CONVERSION = YES;
				CLANG_WARN_OBJC_ROOT_CLASS = YES_ERROR;
				CLANG_WARN_QUOTED_INCLUDE_IN_FRAMEWORK_HEADER = YES;
				CLANG_WARN_RANGE_LOOP_ANALYSIS = YES;
				CLANG_WARN_STRICT_PROTOTYPES = YES;
				CLANG_WARN_SUSPICIOUS_MOVE = YES;
				CLANG_WARN_UNGUARDED_AVAILABILITY = YES_AGGRESSIVE;
				CLANG_WARN_UNREACHABLE_CODE = YES;
				CLANG_WARN__DUPLICATE_METHOD_MATCH = YES;
				COPY_PHASE_STRIP = NO;
				DEBUG_INFORMATION_FORMAT = dwarf;
				ENABLE_STRICT_OBJC_MSGSEND = YES;
				ENABLE_TESTABILITY = YES;
				GCC_C_LANGUAGE_STANDARD = gnu11;
				GCC_DYNAMIC_NO_PIC = NO;
				GCC_NO_COMMON_BLOCKS = YES;
				GCC_OPTIMIZATION_LEVEL = 0;
				GCC_PREPROCESSOR_DEFINITIONS = (
					"DEBUG=1",
					"$(inherited)",
				);
				GCC_WARN_64_TO_32_BIT_CONVERSION = YES;
				GCC_WARN_ABOUT_RETURN_TYPE = YES_ERROR;
				GCC_WARN_UNDECLARED_SELECTOR = YES;
				GCC_WARN_UNINITIALIZED_AUTOS = YES_AGGRESSIVE;
				GCC_WARN_UNUSED_FUNCTION = YES;
				GCC_WARN_UNUSED_VARIABLE = YES;
				MACOSX_DEPLOYMENT_TARGET = 11.3;
				MTL_ENABLE_DEBUG_INFO = INCLUDE_SOURCE;
				MTL_FAST_MATH = YES;
				ONLY_ACTIVE_ARCH = YES;
				SDKROOT = macosx;
			};
			name = Debug;
		};
		B7DA83AE26AE501A009C97B0 /* Release */ = {
			isa = XCBuildConfiguration;
			buildSettings = {
				ALWAYS_SEARCH_USER_PATHS = NO;
				CLANG_ANALYZER_NONNULL = YES;
				CLANG_ANALYZER_NUMBER_OBJECT_CONVERSION = YES_AGGRESSIVE;
				CLANG_CXX_LANGUAGE_STANDARD = "gnu++14";
				CLANG_CXX_LIBRARY = "libc++";
				CLANG_ENABLE_MODULES = YES;
				CLANG_ENABLE_OBJC_ARC = YES;
				CLANG_ENABLE_OBJC_WEAK = YES;
				CLANG_WARN_BLOCK_CAPTURE_AUTORELEASING = YES;
				CLANG_WARN_BOOL_CONVERSION = YES;
				CLANG_WARN_COMMA = YES;
				CLANG_WARN_CONSTANT_CONVERSION = YES;
				CLANG_WARN_DEPRECATED_OBJC_IMPLEMENTATIONS = YES;
				CLANG_WARN_DIRECT_OBJC_ISA_USAGE = YES_ERROR;
				CLANG_WARN_DOCUMENTATION_COMMENTS = YES;
				CLANG_WARN_EMPTY_BODY = YES;
				CLANG_WARN_ENUM_CONVERSION = YES;
				CLANG_WARN_INFINITE_RECURSION = YES;
				CLANG_WARN_INT_CONVERSION = YES;
				CLANG_WARN_NON_LITERAL_NULL_CONVERSION = YES;
				CLANG_WARN_OBJC_IMPLICIT_RETAIN_SELF = YES;
				CLANG_WARN_OBJC_LITERAL_CONVERSION = YES;
				CLANG_WARN_OBJC_ROOT_CLASS = YES_ERROR;
				CLANG_WARN_QUOTED_INCLUDE_IN_FRAMEWORK_HEADER = YES;
				CLANG_WARN_RANGE_LOOP_ANALYSIS = YES;
				CLANG_WARN_STRICT_PROTOTYPES = YES;
				CLANG_WARN_SUSPICIOUS_MOVE = YES;
				CLANG_WARN_UNGUARDED_AVAILABILITY = YES_AGGRESSIVE;
				CLANG_WARN_UNREACHABLE_CODE = YES;
				CLANG_WARN__DUPLICATE_METHOD_MATCH = YES;
				COPY_PHASE_STRIP = NO;
				DEBUG_INFORMATION_FORMAT = "dwarf-with-dsym";
				ENABLE_NS_ASSERTIONS = NO;
				ENABLE_STRICT_OBJC_MSGSEND = YES;
				GCC_C_LANGUAGE_STANDARD = gnu11;
				GCC_NO_COMMON_BLOCKS = YES;
				GCC_WARN_64_TO_32_BIT_CONVERSION = YES;
				GCC_WARN_ABOUT_RETURN_TYPE = YES_ERROR;
				GCC_WARN_UNDECLARED_SELECTOR = YES;
				GCC_WARN_UNINITIALIZED_AUTOS = YES_AGGRESSIVE;
				GCC_WARN_UNUSED_FUNCTION = YES;
				GCC_WARN_UNUSED_VARIABLE = YES;
				MACOSX_DEPLOYMENT_TARGET = 11.3;
				MTL_ENABLE_DEBUG_INFO = NO;
				MTL_FAST_MATH = YES;
				SDKROOT = macosx;
			};
			name = Release;
		};
		B7DA83B026AE501A009C97B0 /* Debug */ = {
			isa = XCBuildConfiguration;
			buildSettings = {
				CLANG_CXX_LANGUAGE_STANDARD = "gnu++17";
				CODE_SIGN_ENTITLEMENTS = LearnOpenGL/LearnOpenGL.entitlements;
				CODE_SIGN_STYLE = Automatic;
				DEVELOPMENT_TEAM = XHSZ487M9N;
				ENABLE_HARDENED_RUNTIME = YES;
				FRAMEWORK_SEARCH_PATHS = (
					"$(inherited)",
					"$(LOCAL_LIBRARY_DIR)/Frameworks",
				);
				GCC_WARN_PEDANTIC = YES;
				HEADER_SEARCH_PATHS = (
					"/Users/jebcollins/Documents/Personal/GameDev/C++/LearnOpenGL/LearnOpenGL/include",
					/usr/local/Cellar/glfw/3.3.4/include,
				);
				LIBRARY_SEARCH_PATHS = (
					/usr/local/Cellar/glfw/3.3.4/lib,
					/usr/local/Cellar/assimp/5.0.1,
					/usr/local/Cellar/assimp/5.0.1/lib,
				);
				OTHER_LDFLAGS = "-lglfw";
				PRODUCT_NAME = "$(TARGET_NAME)";
			};
			name = Debug;
		};
		B7DA83B126AE501A009C97B0 /* Release */ = {
			isa = XCBuildConfiguration;
			buildSettings = {
				CLANG_CXX_LANGUAGE_STANDARD = "gnu++17";
				CODE_SIGN_ENTITLEMENTS = LearnOpenGL/LearnOpenGL.entitlements;
				CODE_SIGN_STYLE = Automatic;
				DEVELOPMENT_TEAM = XHSZ487M9N;
				ENABLE_HARDENED_RUNTIME = YES;
				FRAMEWORK_SEARCH_PATHS = (
					"$(inherited)",
					"$(LOCAL_LIBRARY_DIR)/Frameworks",
				);
				GCC_WARN_PEDANTIC = YES;
				HEADER_SEARCH_PATHS = (
					"/Users/jebcollins/Documents/Personal/GameDev/C++/LearnOpenGL/LearnOpenGL/include",
					/usr/local/Cellar/glfw/3.3.4/include,
				);
				LIBRARY_SEARCH_PATHS = (
					/usr/local/Cellar/glfw/3.3.4/lib,
					/usr/local/Cellar/assimp/5.0.1,
					/usr/local/Cellar/assimp/5.0.1/lib,
				);
				OTHER_LDFLAGS = "-lglfw";
				PRODUCT_NAME = "$(TARGET_NAME)";
			};
			name = Release;
		};
/* End XCBuildConfiguration section */

/* Begin XCConfigurationList section */
		B7DA83A326AE501A009C97B0 /* Build configuration list for PBXProject "LearnOpenGL" */ = {
			isa = XCConfigurationList;
			buildConfigurations = (
				B7DA83AD26AE501A009C97B0 /* Debug */,
				B7DA83AE26AE501A009C97B0 /* Release */,
			);
			defaultConfigurationIsVisible = 0;
			defaultConfigurationName = Release;
		};
		B7DA83AF26AE501A009C97B0 /* Build configuration list for PBXNativeTarget "LearnOpenGL" */ = {
			isa = XCConfigurationList;
			buildConfigurations = (
				B7DA83B026AE501A009C97B0 /* Debug */,
				B7DA83B126AE501A009C97B0 /* Release */,
			);
			defaultConfigurationIsVisible = 0;
			defaultConfigurationName = Release;
		};
/* End XCConfigurationList section */
	};
	rootObject = B7DA83A026AE501A009C97B0 /* Project object */;
}
